
Microsoft Visual Studio Solution File, Format Version 12.00
# Visual Studio Version 17
VisualStudioVersion = 17.14.36511.14
MinimumVisualStudioVersion = 10.0.40219.1
Project("{FAE04EC0-301F-11D3-BF4B-00C04F79EFBC}") = "LabPipeLine", "LabPipeLine.csproj", "{F829BFF2-531A-4760-BDDE-D240E08B31B8}"
EndProject
Project("{FAE04EC0-301F-11D3-BF4B-00C04F79EFBC}") = "TestProject1", "..\TestProject1\TestProject1.csproj", "{D2D194BD-7B62-432F-A8F4-FEC91C03AB89}"
EndProject
Global
	GlobalSection(SolutionConfigurationPlatforms) = preSolution
		Debug|Any CPU = Debug|Any CPU
		Release|Any CPU = Release|Any CPU
	EndGlobalSection
	GlobalSection(ProjectConfigurationPlatforms) = postSolution
		{F829BFF2-531A-4760-BDDE-D240E08B31B8}.Debug|Any CPU.ActiveCfg = Debug|Any CPU
		{F829BFF2-531A-4760-BDDE-D240E08B31B8}.Debug|Any CPU.Build.0 = Debug|Any CPU
		{F829BFF2-531A-4760-BDDE-D240E08B31B8}.Release|Any CPU.ActiveCfg = Release|Any CPU
		{F829BFF2-531A-4760-BDDE-D240E08B31B8}.Release|Any CPU.Build.0 = Release|Any CPU
		{D2D194BD-7B62-432F-A8F4-FEC91C03AB89}.Debug|Any CPU.ActiveCfg = Debug|Any CPU
		{D2D194BD-7B62-432F-A8F4-FEC91C03AB89}.Debug|Any CPU.Build.0 = Debug|Any CPU
		{D2D194BD-7B62-432F-A8F4-FEC91C03AB89}.Release|Any CPU.ActiveCfg = Release|Any CPU
		{D2D194BD-7B62-432F-A8F4-FEC91C03AB89}.Release|Any CPU.Build.0 = Release|Any CPU
	EndGlobalSection
	GlobalSection(SolutionProperties) = preSolution
		HideSolutionNode = FALSE
	EndGlobalSection
	GlobalSection(ExtensibilityGlobals) = postSolution
		SolutionGuid = {57E74273-26D4-4B27-A130-20FF476EF21A}
	EndGlobalSection
EndGlobal
